// !$*UTF8*$!
{
	archiveVersion = 1;
	classes = {
	};
	objectVersion = 46;
	objects = {

/* Begin PBXBuildFile section */
		193E50371F4780B300A89296 /* AppDelegate.swift in Sources */ = {isa = PBXBuildFile; fileRef = 193E50361F4780B300A89296 /* AppDelegate.swift */; };
		193E50391F4780B300A89296 /* ViewController.swift in Sources */ = {isa = PBXBuildFile; fileRef = 193E50381F4780B300A89296 /* ViewController.swift */; };
		193E503C1F4780B300A89296 /* Main.storyboard in Resources */ = {isa = PBXBuildFile; fileRef = 193E503A1F4780B300A89296 /* Main.storyboard */; };
		193E503E1F4780B300A89296 /* Assets.xcassets in Resources */ = {isa = PBXBuildFile; fileRef = 193E503D1F4780B300A89296 /* Assets.xcassets */; };
		193E50411F4780B300A89296 /* LaunchScreen.storyboard in Resources */ = {isa = PBXBuildFile; fileRef = 193E503F1F4780B300A89296 /* LaunchScreen.storyboard */; };
		193E504C1F4780B300A89296 /* ECSTests.swift in Sources */ = {isa = PBXBuildFile; fileRef = 193E504B1F4780B300A89296 /* ECSTests.swift */; };
		193E50571F4780B300A89296 /* ECSUITests.swift in Sources */ = {isa = PBXBuildFile; fileRef = 193E50561F4780B300A89296 /* ECSUITests.swift */; };
/* End PBXBuildFile section */

/* Begin PBXContainerItemProxy section */
		193E50481F4780B300A89296 /* PBXContainerItemProxy */ = {
			isa = PBXContainerItemProxy;
			containerPortal = 193E502B1F4780B300A89296 /* Project object */;
			proxyType = 1;
			remoteGlobalIDString = 193E50321F4780B300A89296;
			remoteInfo = ECS;
		};
		193E50531F4780B300A89296 /* PBXContainerItemProxy */ = {
			isa = PBXContainerItemProxy;
			containerPortal = 193E502B1F4780B300A89296 /* Project object */;
			proxyType = 1;
			remoteGlobalIDString = 193E50321F4780B300A89296;
			remoteInfo = ECS;
		};
/* End PBXContainerItemProxy section */

/* Begin PBXFileReference section */
		193E50331F4780B300A89296 /* ECS.app */ = {isa = PBXFileReference; explicitFileType = wrapper.application; includeInIndex = 0; path = ECS.app; sourceTree = BUILT_PRODUCTS_DIR; };
		193E50361F4780B300A89296 /* AppDelegate.swift */ = {isa = PBXFileReference; lastKnownFileType = sourcecode.swift; path = AppDelegate.swift; sourceTree = "<group>"; };
		193E50381F4780B300A89296 /* ViewController.swift */ = {isa = PBXFileReference; lastKnownFileType = sourcecode.swift; path = ViewController.swift; sourceTree = "<group>"; };
		193E503B1F4780B300A89296 /* Base */ = {isa = PBXFileReference; lastKnownFileType = file.storyboard; name = Base; path = Base.lproj/Main.storyboard; sourceTree = "<group>"; };
		193E503D1F4780B300A89296 /* Assets.xcassets */ = {isa = PBXFileReference; lastKnownFileType = folder.assetcatalog; path = Assets.xcassets; sourceTree = "<group>"; };
		193E50401F4780B300A89296 /* Base */ = {isa = PBXFileReference; lastKnownFileType = file.storyboard; name = Base; path = Base.lproj/LaunchScreen.storyboard; sourceTree = "<group>"; };
		193E50421F4780B300A89296 /* Info.plist */ = {isa = PBXFileReference; lastKnownFileType = text.plist.xml; path = Info.plist; sourceTree = "<group>"; };
		193E50471F4780B300A89296 /* ECSTests.xctest */ = {isa = PBXFileReference; explicitFileType = wrapper.cfbundle; includeInIndex = 0; path = ECSTests.xctest; sourceTree = BUILT_PRODUCTS_DIR; };
		193E504B1F4780B300A89296 /* ECSTests.swift */ = {isa = PBXFileReference; lastKnownFileType = sourcecode.swift; path = ECSTests.swift; sourceTree = "<group>"; };
		193E504D1F4780B300A89296 /* Info.plist */ = {isa = PBXFileReference; lastKnownFileType = text.plist.xml; path = Info.plist; sourceTree = "<group>"; };
		193E50521F4780B300A89296 /* ECSUITests.xctest */ = {isa = PBXFileReference; explicitFileType = wrapper.cfbundle; includeInIndex = 0; path = ECSUITests.xctest; sourceTree = BUILT_PRODUCTS_DIR; };
		193E50561F4780B300A89296 /* ECSUITests.swift */ = {isa = PBXFileReference; lastKnownFileType = sourcecode.swift; path = ECSUITests.swift; sourceTree = "<group>"; };
		193E50581F4780B300A89296 /* Info.plist */ = {isa = PBXFileReference; lastKnownFileType = text.plist.xml; path = Info.plist; sourceTree = "<group>"; };
/* End PBXFileReference section */

/* Begin PBXFrameworksBuildPhase section */
		193E50301F4780B300A89296 /* Frameworks */ = {
			isa = PBXFrameworksBuildPhase;
			buildActionMask = 2147483647;
			files = (
			);
			runOnlyForDeploymentPostprocessing = 0;
		};
		193E50441F4780B300A89296 /* Frameworks */ = {
			isa = PBXFrameworksBuildPhase;
			buildActionMask = 2147483647;
			files = (
			);
			runOnlyForDeploymentPostprocessing = 0;
		};
		193E504F1F4780B300A89296 /* Frameworks */ = {
			isa = PBXFrameworksBuildPhase;
			buildActionMask = 2147483647;
			files = (
			);
			runOnlyForDeploymentPostprocessing = 0;
		};
/* End PBXFrameworksBuildPhase section */

/* Begin PBXGroup section */
		193E502A1F4780B300A89296 = {
			isa = PBXGroup;
			children = (
				193E50351F4780B300A89296 /* ECS */,
				193E504A1F4780B300A89296 /* ECSTests */,
				193E50551F4780B300A89296 /* ECSUITests */,
				193E50341F4780B300A89296 /* Products */,
			);
			sourceTree = "<group>";
		};
		193E50341F4780B300A89296 /* Products */ = {
			isa = PBXGroup;
			children = (
				193E50331F4780B300A89296 /* ECS.app */,
				193E50471F4780B300A89296 /* ECSTests.xctest */,
				193E50521F4780B300A89296 /* ECSUITests.xctest */,
			);
			name = Products;
			sourceTree = "<group>";
		};
		193E50351F4780B300A89296 /* ECS */ = {
			isa = PBXGroup;
			children = (
				193E50361F4780B300A89296 /* AppDelegate.swift */,
				193E50381F4780B300A89296 /* ViewController.swift */,
				193E503A1F4780B300A89296 /* Main.storyboard */,
				193E503D1F4780B300A89296 /* Assets.xcassets */,
				193E503F1F4780B300A89296 /* LaunchScreen.storyboard */,
				193E50421F4780B300A89296 /* Info.plist */,
			);
			path = ECS;
			sourceTree = "<group>";
		};
		193E504A1F4780B300A89296 /* ECSTests */ = {
			isa = PBXGroup;
			children = (
				193E504B1F4780B300A89296 /* ECSTests.swift */,
				193E504D1F4780B300A89296 /* Info.plist */,
			);
			path = ECSTests;
			sourceTree = "<group>";
		};
		193E50551F4780B300A89296 /* ECSUITests */ = {
			isa = PBXGroup;
			children = (
				193E50561F4780B300A89296 /* ECSUITests.swift */,
				193E50581F4780B300A89296 /* Info.plist */,
			);
			path = ECSUITests;
			sourceTree = "<group>";
		};
/* End PBXGroup section */

/* Begin PBXNativeTarget section */
		193E50321F4780B300A89296 /* ECS */ = {
			isa = PBXNativeTarget;
			buildConfigurationList = 193E505B1F4780B300A89296 /* Build configuration list for PBXNativeTarget "ECS" */;
			buildPhases = (
				193E502F1F4780B300A89296 /* Sources */,
				193E50301F4780B300A89296 /* Frameworks */,
				193E50311F4780B300A89296 /* Resources */,
			);
			buildRules = (
			);
			dependencies = (
			);
			name = ECS;
			productName = ECS;
			productReference = 193E50331F4780B300A89296 /* ECS.app */;
			productType = "com.apple.product-type.application";
		};
		193E50461F4780B300A89296 /* ECSTests */ = {
			isa = PBXNativeTarget;
			buildConfigurationList = 193E505E1F4780B300A89296 /* Build configuration list for PBXNativeTarget "ECSTests" */;
			buildPhases = (
				193E50431F4780B300A89296 /* Sources */,
				193E50441F4780B300A89296 /* Frameworks */,
				193E50451F4780B300A89296 /* Resources */,
			);
			buildRules = (
			);
			dependencies = (
				193E50491F4780B300A89296 /* PBXTargetDependency */,
			);
			name = ECSTests;
			productName = ECSTests;
			productReference = 193E50471F4780B300A89296 /* ECSTests.xctest */;
			productType = "com.apple.product-type.bundle.unit-test";
		};
		193E50511F4780B300A89296 /* ECSUITests */ = {
			isa = PBXNativeTarget;
			buildConfigurationList = 193E50611F4780B300A89296 /* Build configuration list for PBXNativeTarget "ECSUITests" */;
			buildPhases = (
				193E504E1F4780B300A89296 /* Sources */,
				193E504F1F4780B300A89296 /* Frameworks */,
				193E50501F4780B300A89296 /* Resources */,
			);
			buildRules = (
			);
			dependencies = (
				193E50541F4780B300A89296 /* PBXTargetDependency */,
			);
			name = ECSUITests;
			productName = ECSUITests;
			productReference = 193E50521F4780B300A89296 /* ECSUITests.xctest */;
			productType = "com.apple.product-type.bundle.ui-testing";
		};
/* End PBXNativeTarget section */

/* Begin PBXProject section */
		193E502B1F4780B300A89296 /* Project object */ = {
			isa = PBXProject;
			attributes = {
				LastSwiftUpdateCheck = 0830;
				LastUpgradeCheck = 0830;
				ORGANIZATIONNAME = "Kennedy, Jon";
				TargetAttributes = {
					193E50321F4780B300A89296 = {
						CreatedOnToolsVersion = 8.3.3;
						ProvisioningStyle = Automatic;
					};
					193E50461F4780B300A89296 = {
						CreatedOnToolsVersion = 8.3.3;
						ProvisioningStyle = Automatic;
						TestTargetID = 193E50321F4780B300A89296;
					};
					193E50511F4780B300A89296 = {
						CreatedOnToolsVersion = 8.3.3;
						ProvisioningStyle = Automatic;
						TestTargetID = 193E50321F4780B300A89296;
					};
				};
			};
			buildConfigurationList = 193E502E1F4780B300A89296 /* Build configuration list for PBXProject "ECS" */;
			compatibilityVersion = "Xcode 3.2";
			developmentRegion = English;
			hasScannedForEncodings = 0;
			knownRegions = (
				en,
				Base,
			);
			mainGroup = 193E502A1F4780B300A89296;
			productRefGroup = 193E50341F4780B300A89296 /* Products */;
			projectDirPath = "";
			projectRoot = "";
			targets = (
				193E50321F4780B300A89296 /* ECS */,
				193E50461F4780B300A89296 /* ECSTests */,
				193E50511F4780B300A89296 /* ECSUITests */,
			);
		};
/* End PBXProject section */

/* Begin PBXResourcesBuildPhase section */
		193E50311F4780B300A89296 /* Resources */ = {
			isa = PBXResourcesBuildPhase;
			buildActionMask = 2147483647;
			files = (
				193E50411F4780B300A89296 /* LaunchScreen.storyboard in Resources */,
				193E503E1F4780B300A89296 /* Assets.xcassets in Resources */,
				193E503C1F4780B300A89296 /* Main.storyboard in Resources */,
			);
			runOnlyForDeploymentPostprocessing = 0;
		};
		193E50451F4780B300A89296 /* Resources */ = {
			isa = PBXResourcesBuildPhase;
			buildActionMask = 2147483647;
			files = (
			);
			runOnlyForDeploymentPostprocessing = 0;
		};
		193E50501F4780B300A89296 /* Resources */ = {
			isa = PBXResourcesBuildPhase;
			buildActionMask = 2147483647;
			files = (
			);
			runOnlyForDeploymentPostprocessing = 0;
		};
/* End PBXResourcesBuildPhase section */

/* Begin PBXSourcesBuildPhase section */
		193E502F1F4780B300A89296 /* Sources */ = {
			isa = PBXSourcesBuildPhase;
			buildActionMask = 2147483647;
			files = (
				193E50391F4780B300A89296 /* ViewController.swift in Sources */,
				193E50371F4780B300A89296 /* AppDelegate.swift in Sources */,
			);
			runOnlyForDeploymentPostprocessing = 0;
		};
		193E50431F4780B300A89296 /* Sources */ = {
			isa = PBXSourcesBuildPhase;
			buildActionMask = 2147483647;
			files = (
				193E504C1F4780B300A89296 /* ECSTests.swift in Sources */,
			);
			runOnlyForDeploymentPostprocessing = 0;
		};
		193E504E1F4780B300A89296 /* Sources */ = {
			isa = PBXSourcesBuildPhase;
			buildActionMask = 2147483647;
			files = (
				193E50571F4780B300A89296 /* ECSUITests.swift in Sources */,
			);
			runOnlyForDeploymentPostprocessing = 0;
		};
/* End PBXSourcesBuildPhase section */

/* Begin PBXTargetDependency section */
		193E50491F4780B300A89296 /* PBXTargetDependency */ = {
			isa = PBXTargetDependency;
			target = 193E50321F4780B300A89296 /* ECS */;
			targetProxy = 193E50481F4780B300A89296 /* PBXContainerItemProxy */;
		};
		193E50541F4780B300A89296 /* PBXTargetDependency */ = {
			isa = PBXTargetDependency;
			target = 193E50321F4780B300A89296 /* ECS */;
			targetProxy = 193E50531F4780B300A89296 /* PBXContainerItemProxy */;
		};
/* End PBXTargetDependency section */

/* Begin PBXVariantGroup section */
		193E503A1F4780B300A89296 /* Main.storyboard */ = {
			isa = PBXVariantGroup;
			children = (
				193E503B1F4780B300A89296 /* Base */,
			);
			name = Main.storyboard;
			sourceTree = "<group>";
		};
		193E503F1F4780B300A89296 /* LaunchScreen.storyboard */ = {
			isa = PBXVariantGroup;
			children = (
				193E50401F4780B300A89296 /* Base */,
			);
			name = LaunchScreen.storyboard;
			sourceTree = "<group>";
		};
/* End PBXVariantGroup section */

/* Begin XCBuildConfiguration section */
		193E50591F4780B300A89296 /* Debug */ = {
			isa = XCBuildConfiguration;
			buildSettings = {
				ALWAYS_SEARCH_USER_PATHS = NO;
				CLANG_ANALYZER_NONNULL = YES;
				CLANG_ANALYZER_NUMBER_OBJECT_CONVERSION = YES_AGGRESSIVE;
				CLANG_CXX_LANGUAGE_STANDARD = "gnu++0x";
				CLANG_CXX_LIBRARY = "libc++";
				CLANG_ENABLE_MODULES = YES;
				CLANG_ENABLE_OBJC_ARC = YES;
				CLANG_WARN_BOOL_CONVERSION = YES;
				CLANG_WARN_CONSTANT_CONVERSION = YES;
				CLANG_WARN_DIRECT_OBJC_ISA_USAGE = YES_ERROR;
				CLANG_WARN_DOCUMENTATION_COMMENTS = YES;
				CLANG_WARN_EMPTY_BODY = YES;
				CLANG_WARN_ENUM_CONVERSION = YES;
				CLANG_WARN_INFINITE_RECURSION = YES;
				CLANG_WARN_INT_CONVERSION = YES;
				CLANG_WARN_OBJC_ROOT_CLASS = YES_ERROR;
				CLANG_WARN_SUSPICIOUS_MOVE = YES;
				CLANG_WARN_UNREACHABLE_CODE = YES;
				CLANG_WARN__DUPLICATE_METHOD_MATCH = YES;
				"CODE_SIGN_IDENTITY[sdk=iphoneos*]" = "iPhone Developer";
				COPY_PHASE_STRIP = NO;
				DEBUG_INFORMATION_FORMAT = dwarf;
				ENABLE_STRICT_OBJC_MSGSEND = YES;
				ENABLE_TESTABILITY = YES;
				GCC_C_LANGUAGE_STANDARD = gnu99;
				GCC_DYNAMIC_NO_PIC = NO;
				GCC_NO_COMMON_BLOCKS = YES;
				GCC_OPTIMIZATION_LEVEL = 0;
				GCC_PREPROCESSOR_DEFINITIONS = (
					"DEBUG=1",
					"$(inherited)",
				);
				GCC_WARN_64_TO_32_BIT_CONVERSION = YES;
				GCC_WARN_ABOUT_RETURN_TYPE = YES_ERROR;
				GCC_WARN_UNDECLARED_SELECTOR = YES;
				GCC_WARN_UNINITIALIZED_AUTOS = YES_AGGRESSIVE;
				GCC_WARN_UNUSED_FUNCTION = YES;
				GCC_WARN_UNUSED_VARIABLE = YES;
				IPHONEOS_DEPLOYMENT_TARGET = 10.3;
				MTL_ENABLE_DEBUG_INFO = YES;
				ONLY_ACTIVE_ARCH = YES;
				SDKROOT = iphoneos;
				SWIFT_ACTIVE_COMPILATION_CONDITIONS = DEBUG;
				SWIFT_OPTIMIZATION_LEVEL = "-Onone";
				TARGETED_DEVICE_FAMILY = "1,2";
			};
			name = Debug;
		};
		193E505A1F4780B300A89296 /* Release */ = {
			isa = XCBuildConfiguration;
			buildSettings = {
				ALWAYS_SEARCH_USER_PATHS = NO;
				CLANG_ANALYZER_NONNULL = YES;
				CLANG_ANALYZER_NUMBER_OBJECT_CONVERSION = YES_AGGRESSIVE;
				CLANG_CXX_LANGUAGE_STANDARD = "gnu++0x";
				CLANG_CXX_LIBRARY = "libc++";
				CLANG_ENABLE_MODULES = YES;
				CLANG_ENABLE_OBJC_ARC = YES;
				CLANG_WARN_BOOL_CONVERSION = YES;
				CLANG_WARN_CONSTANT_CONVERSION = YES;
				CLANG_WARN_DIRECT_OBJC_ISA_USAGE = YES_ERROR;
				CLANG_WARN_DOCUMENTATION_COMMENTS = YES;
				CLANG_WARN_EMPTY_BODY = YES;
				CLANG_WARN_ENUM_CONVERSION = YES;
				CLANG_WARN_INFINITE_RECURSION = YES;
				CLANG_WARN_INT_CONVERSION = YES;
				CLANG_WARN_OBJC_ROOT_CLASS = YES_ERROR;
				CLANG_WARN_SUSPICIOUS_MOVE = YES;
				CLANG_WARN_UNREACHABLE_CODE = YES;
				CLANG_WARN__DUPLICATE_METHOD_MATCH = YES;
				"CODE_SIGN_IDENTITY[sdk=iphoneos*]" = "iPhone Developer";
				COPY_PHASE_STRIP = NO;
				DEBUG_INFORMATION_FORMAT = "dwarf-with-dsym";
				ENABLE_NS_ASSERTIONS = NO;
				ENABLE_STRICT_OBJC_MSGSEND = YES;
				GCC_C_LANGUAGE_STANDARD = gnu99;
				GCC_NO_COMMON_BLOCKS = YES;
				GCC_WARN_64_TO_32_BIT_CONVERSION = YES;
				GCC_WARN_ABOUT_RETURN_TYPE = YES_ERROR;
				GCC_WARN_UNDECLARED_SELECTOR = YES;
				GCC_WARN_UNINITIALIZED_AUTOS = YES_AGGRESSIVE;
				GCC_WARN_UNUSED_FUNCTION = YES;
				GCC_WARN_UNUSED_VARIABLE = YES;
				IPHONEOS_DEPLOYMENT_TARGET = 10.3;
				MTL_ENABLE_DEBUG_INFO = NO;
				SDKROOT = iphoneos;
				SWIFT_OPTIMIZATION_LEVEL = "-Owholemodule";
				TARGETED_DEVICE_FAMILY = "1,2";
				VALIDATE_PRODUCT = YES;
			};
			name = Release;
		};
		193E505C1F4780B300A89296 /* Debug */ = {
			isa = XCBuildConfiguration;
			buildSettings = {
				ASSETCATALOG_COMPILER_APPICON_NAME = AppIcon;
				INFOPLIST_FILE = ECS/Info.plist;
				LD_RUNPATH_SEARCH_PATHS = "$(inherited) @executable_path/Frameworks";
				PRODUCT_BUNDLE_IDENTIFIER = com.paragonfervour.ECS;
				PRODUCT_NAME = "$(TARGET_NAME)";
				SWIFT_VERSION = 3.0;
			};
			name = Debug;
		};
		193E505D1F4780B300A89296 /* Release */ = {
			isa = XCBuildConfiguration;
			buildSettings = {
				ASSETCATALOG_COMPILER_APPICON_NAME = AppIcon;
				INFOPLIST_FILE = ECS/Info.plist;
				LD_RUNPATH_SEARCH_PATHS = "$(inherited) @executable_path/Frameworks";
				PRODUCT_BUNDLE_IDENTIFIER = com.paragonfervour.ECS;
				PRODUCT_NAME = "$(TARGET_NAME)";
				SWIFT_VERSION = 3.0;
			};
			name = Release;
		};
		193E505F1F4780B300A89296 /* Debug */ = {
			isa = XCBuildConfiguration;
			buildSettings = {
				ALWAYS_EMBED_SWIFT_STANDARD_LIBRARIES = YES;
				BUNDLE_LOADER = "$(TEST_HOST)";
				INFOPLIST_FILE = ECSTests/Info.plist;
				LD_RUNPATH_SEARCH_PATHS = "$(inherited) @executable_path/Frameworks @loader_path/Frameworks";
				PRODUCT_BUNDLE_IDENTIFIER = com.paragonfervour.ECSTests;
				PRODUCT_NAME = "$(TARGET_NAME)";
				SWIFT_VERSION = 3.0;
				TEST_HOST = "$(BUILT_PRODUCTS_DIR)/ECS.app/ECS";
			};
			name = Debug;
		};
		193E50601F4780B300A89296 /* Release */ = {
			isa = XCBuildConfiguration;
			buildSettings = {
				ALWAYS_EMBED_SWIFT_STANDARD_LIBRARIES = YES;
				BUNDLE_LOADER = "$(TEST_HOST)";
				INFOPLIST_FILE = ECSTests/Info.plist;
				LD_RUNPATH_SEARCH_PATHS = "$(inherited) @executable_path/Frameworks @loader_path/Frameworks";
				PRODUCT_BUNDLE_IDENTIFIER = com.paragonfervour.ECSTests;
				PRODUCT_NAME = "$(TARGET_NAME)";
				SWIFT_VERSION = 3.0;
				TEST_HOST = "$(BUILT_PRODUCTS_DIR)/ECS.app/ECS";
			};
			name = Release;
		};
		193E50621F4780B300A89296 /* Debug */ = {
			isa = XCBuildConfiguration;
			buildSettings = {
				ALWAYS_EMBED_SWIFT_STANDARD_LIBRARIES = YES;
				INFOPLIST_FILE = ECSUITests/Info.plist;
				LD_RUNPATH_SEARCH_PATHS = "$(inherited) @executable_path/Frameworks @loader_path/Frameworks";
				PRODUCT_BUNDLE_IDENTIFIER = com.paragonfervour.ECSUITests;
				PRODUCT_NAME = "$(TARGET_NAME)";
				SWIFT_VERSION = 3.0;
				TEST_TARGET_NAME = ECS;
			};
			name = Debug;
		};
		193E50631F4780B300A89296 /* Release */ = {
			isa = XCBuildConfiguration;
			buildSettings = {
				ALWAYS_EMBED_SWIFT_STANDARD_LIBRARIES = YES;
				INFOPLIST_FILE = ECSUITests/Info.plist;
				LD_RUNPATH_SEARCH_PATHS = "$(inherited) @executable_path/Frameworks @loader_path/Frameworks";
				PRODUCT_BUNDLE_IDENTIFIER = com.paragonfervour.ECSUITests;
				PRODUCT_NAME = "$(TARGET_NAME)";
				SWIFT_VERSION = 3.0;
				TEST_TARGET_NAME = ECS;
			};
			name = Release;
		};
/* End XCBuildConfiguration section */

/* Begin XCConfigurationList section */
		193E502E1F4780B300A89296 /* Build configuration list for PBXProject "ECS" */ = {
			isa = XCConfigurationList;
			buildConfigurations = (
				193E50591F4780B300A89296 /* Debug */,
				193E505A1F4780B300A89296 /* Release */,
			);
			defaultConfigurationIsVisible = 0;
			defaultConfigurationName = Release;
		};
		193E505B1F4780B300A89296 /* Build configuration list for PBXNativeTarget "ECS" */ = {
			isa = XCConfigurationList;
			buildConfigurations = (
				193E505C1F4780B300A89296 /* Debug */,
				193E505D1F4780B300A89296 /* Release */,
			);
			defaultConfigurationIsVisible = 0;
		};
		193E505E1F4780B300A89296 /* Build configuration list for PBXNativeTarget "ECSTests" */ = {
			isa = XCConfigurationList;
			buildConfigurations = (
				193E505F1F4780B300A89296 /* Debug */,
				193E50601F4780B300A89296 /* Release */,
			);
			defaultConfigurationIsVisible = 0;
		};
		193E50611F4780B300A89296 /* Build configuration list for PBXNativeTarget "ECSUITests" */ = {
			isa = XCConfigurationList;
			buildConfigurations = (
				193E50621F4780B300A89296 /* Debug */,
				193E50631F4780B300A89296 /* Release */,
			);
			defaultConfigurationIsVisible = 0;
		};
/* End XCConfigurationList section */
	};
	rootObject = 193E502B1F4780B300A89296 /* Project object */;
}
